
Microsoft Visual Studio Solution File, Format Version 12.00
# Visual Studio Version 16
VisualStudioVersion = 16.0.28917.181
MinimumVisualStudioVersion = 10.0.40219.1
Project("{F184B08F-C81C-45F6-A57F-5ABD9991F28F}") = "PASconcept.Web", "PASconcept.Web.vbproj", "{CD8E53D2-B177-494B-AE08-1CEEF98E43D7}"
EndProject
Project("{FAE04EC0-301F-11D3-BF4B-00C04F79EFBC}") = "PASconcept.DataAccess", "PASconcept.DataAccess\PASconcept.DataAccess.csproj", "{D655C634-0421-434D-B849-1F6B53C9EDEB}"
EndProject
Global
	GlobalSection(SolutionConfigurationPlatforms) = preSolution
		Debug|Any CPU = Debug|Any CPU
		Release|Any CPU = Release|Any CPU
	EndGlobalSection
	GlobalSection(ProjectConfigurationPlatforms) = postSolution
		{CD8E53D2-B177-494B-AE08-1CEEF98E43D7}.Debug|Any CPU.ActiveCfg = Debug|Any CPU
		{CD8E53D2-B177-494B-AE08-1CEEF98E43D7}.Debug|Any CPU.Build.0 = Debug|Any CPU
		{CD8E53D2-B177-494B-AE08-1CEEF98E43D7}.Release|Any CPU.ActiveCfg = Release|Any CPU
		{CD8E53D2-B177-494B-AE08-1CEEF98E43D7}.Release|Any CPU.Build.0 = Release|Any CPU
		{D655C634-0421-434D-B849-1F6B53C9EDEB}.Debug|Any CPU.ActiveCfg = Debug|Any CPU
		{D655C634-0421-434D-B849-1F6B53C9EDEB}.Debug|Any CPU.Build.0 = Debug|Any CPU
		{D655C634-0421-434D-B849-1F6B53C9EDEB}.Release|Any CPU.ActiveCfg = Release|Any CPU
		{D655C634-0421-434D-B849-1F6B53C9EDEB}.Release|Any CPU.Build.0 = Release|Any CPU
	EndGlobalSection
	GlobalSection(SolutionProperties) = preSolution
		HideSolutionNode = FALSE
	EndGlobalSection
	GlobalSection(ExtensibilityGlobals) = postSolution
		SolutionGuid = {F17CAC89-203C-4D58-AF20-FBC523FD1196}
	EndGlobalSection
EndGlobal
